
Microsoft Visual Studio Solution File, Format Version 12.00
# Visual Studio 15
VisualStudioVersion = 15.0.28307.852
MinimumVisualStudioVersion = 10.0.40219.1
Project("{FAE04EC0-301F-11D3-BF4B-00C04F79EFBC}") = "YummyRecipe", "YummyRecipe\YummyRecipe.csproj", "{9BFB7398-F440-42C5-AF9D-2DF6083003B2}"
EndProject
Global
	GlobalSection(SolutionConfigurationPlatforms) = preSolution
		Debug|Any CPU = Debug|Any CPU
		Release|Any CPU = Release|Any CPU
	EndGlobalSection
	GlobalSection(ProjectConfigurationPlatforms) = postSolution
		{9BFB7398-F440-42C5-AF9D-2DF6083003B2}.Debug|Any CPU.ActiveCfg = Debug|Any CPU
		{9BFB7398-F440-42C5-AF9D-2DF6083003B2}.Debug|Any CPU.Build.0 = Debug|Any CPU
		{9BFB7398-F440-42C5-AF9D-2DF6083003B2}.Release|Any CPU.ActiveCfg = Release|Any CPU
		{9BFB7398-F440-42C5-AF9D-2DF6083003B2}.Release|Any CPU.Build.0 = Release|Any CPU
	EndGlobalSection
	GlobalSection(SolutionProperties) = preSolution
		HideSolutionNode = FALSE
	EndGlobalSection
	GlobalSection(ExtensibilityGlobals) = postSolution
		SolutionGuid = {8E2FC79F-078C-46E7-B1D7-BE1EDCB205F9}
	EndGlobalSection
EndGlobal
